PODS:
  - Appsee (2.1.3)
  - Tealium (4.1.2)

DEPENDENCIES:
  - Appsee (~> 2.1.2)
  - Tealium (from `https://github.com/dcordero/ios-library`)

EXTERNAL SOURCES:
  Tealium:
    :git: https://github.com/dcordero/ios-library

CHECKOUT OPTIONS:
  Tealium:
    :commit: 491775e096355dc16571fdaddedebc08a567486b
    :git: https://github.com/dcordero/ios-library

SPEC CHECKSUMS:
  Appsee: 521f4b41e2b339852695a574772680a6552af7de
  Tealium: f51a8db09f963fa61a8bdfbdcd275b84c607d108

COCOAPODS: 0.35.0
